
Microsoft Visual Studio Solution File, Format Version 12.00
# Visual Studio Version 17
VisualStudioVersion = 17.11.35327.3
MinimumVisualStudioVersion = 10.0.40219.1
Project("{FAE04EC0-301F-11D3-BF4B-00C04F79EFBC}") = "TeamSpace-Mobile.Android", "TeamSpace-Mobile\TeamSpace-Mobile.Android\TeamSpace-Mobile.Android.csproj", "{CC27387C-8796-49FD-A39D-056FBE3CAB7A}"
EndProject
Project("{FAE04EC0-301F-11D3-BF4B-00C04F79EFBC}") = "TeamSpace-Mobile.iOS", "TeamSpace-Mobile\TeamSpace-Mobile.iOS\TeamSpace-Mobile.iOS.csproj", "{FCCE7FB2-BC4A-4D85-92A2-A492CE9845A2}"
EndProject
Project("{FAE04EC0-301F-11D3-BF4B-00C04F79EFBC}") = "TeamSpace-Mobile", "TeamSpace-Mobile\TeamSpace-Mobile\TeamSpace-Mobile.csproj", "{E4DD5099-3DBF-4974-87AE-7FD41CFD2FE0}"
EndProject
Global
	GlobalSection(SolutionConfigurationPlatforms) = preSolution
		Debug|Any CPU = Debug|Any CPU
		Debug|iPhone = Debug|iPhone
		Debug|iPhoneSimulator = Debug|iPhoneSimulator
		Release|Any CPU = Release|Any CPU
		Release|iPhone = Release|iPhone
		Release|iPhoneSimulator = Release|iPhoneSimulator
	EndGlobalSection
	GlobalSection(ProjectConfigurationPlatforms) = postSolution
		{CC27387C-8796-49FD-A39D-056FBE3CAB7A}.Debug|Any CPU.ActiveCfg = Debug|Any CPU
		{CC27387C-8796-49FD-A39D-056FBE3CAB7A}.Debug|Any CPU.Build.0 = Debug|Any CPU
		{CC27387C-8796-49FD-A39D-056FBE3CAB7A}.Debug|Any CPU.Deploy.0 = Debug|Any CPU
		{CC27387C-8796-49FD-A39D-056FBE3CAB7A}.Debug|iPhone.ActiveCfg = Debug|Any CPU
		{CC27387C-8796-49FD-A39D-056FBE3CAB7A}.Debug|iPhone.Build.0 = Debug|Any CPU
		{CC27387C-8796-49FD-A39D-056FBE3CAB7A}.Debug|iPhone.Deploy.0 = Debug|Any CPU
		{CC27387C-8796-49FD-A39D-056FBE3CAB7A}.Debug|iPhoneSimulator.ActiveCfg = Debug|Any CPU
		{CC27387C-8796-49FD-A39D-056FBE3CAB7A}.Debug|iPhoneSimulator.Build.0 = Debug|Any CPU
		{CC27387C-8796-49FD-A39D-056FBE3CAB7A}.Debug|iPhoneSimulator.Deploy.0 = Debug|Any CPU
		{CC27387C-8796-49FD-A39D-056FBE3CAB7A}.Release|Any CPU.ActiveCfg = Release|Any CPU
		{CC27387C-8796-49FD-A39D-056FBE3CAB7A}.Release|Any CPU.Build.0 = Release|Any CPU
		{CC27387C-8796-49FD-A39D-056FBE3CAB7A}.Release|Any CPU.Deploy.0 = Release|Any CPU
		{CC27387C-8796-49FD-A39D-056FBE3CAB7A}.Release|iPhone.ActiveCfg = Release|Any CPU
		{CC27387C-8796-49FD-A39D-056FBE3CAB7A}.Release|iPhone.Build.0 = Release|Any CPU
		{CC27387C-8796-49FD-A39D-056FBE3CAB7A}.Release|iPhone.Deploy.0 = Release|Any CPU
		{CC27387C-8796-49FD-A39D-056FBE3CAB7A}.Release|iPhoneSimulator.ActiveCfg = Release|Any CPU
		{CC27387C-8796-49FD-A39D-056FBE3CAB7A}.Release|iPhoneSimulator.Build.0 = Release|Any CPU
		{CC27387C-8796-49FD-A39D-056FBE3CAB7A}.Release|iPhoneSimulator.Deploy.0 = Release|Any CPU
		{FCCE7FB2-BC4A-4D85-92A2-A492CE9845A2}.Debug|Any CPU.ActiveCfg = Debug|iPhone
		{FCCE7FB2-BC4A-4D85-92A2-A492CE9845A2}.Debug|Any CPU.Build.0 = Debug|iPhone
		{FCCE7FB2-BC4A-4D85-92A2-A492CE9845A2}.Debug|Any CPU.Deploy.0 = Debug|iPhone
		{FCCE7FB2-BC4A-4D85-92A2-A492CE9845A2}.Debug|iPhone.ActiveCfg = Debug|iPhone
		{FCCE7FB2-BC4A-4D85-92A2-A492CE9845A2}.Debug|iPhone.Build.0 = Debug|iPhone
		{FCCE7FB2-BC4A-4D85-92A2-A492CE9845A2}.Debug|iPhone.Deploy.0 = Debug|iPhone
		{FCCE7FB2-BC4A-4D85-92A2-A492CE9845A2}.Debug|iPhoneSimulator.ActiveCfg = Debug|iPhoneSimulator
		{FCCE7FB2-BC4A-4D85-92A2-A492CE9845A2}.Debug|iPhoneSimulator.Build.0 = Debug|iPhoneSimulator
		{FCCE7FB2-BC4A-4D85-92A2-A492CE9845A2}.Debug|iPhoneSimulator.Deploy.0 = Debug|iPhoneSimulator
		{FCCE7FB2-BC4A-4D85-92A2-A492CE9845A2}.Release|Any CPU.ActiveCfg = Release|iPhoneSimulator
		{FCCE7FB2-BC4A-4D85-92A2-A492CE9845A2}.Release|Any CPU.Build.0 = Release|iPhoneSimulator
		{FCCE7FB2-BC4A-4D85-92A2-A492CE9845A2}.Release|Any CPU.Deploy.0 = Release|iPhoneSimulator
		{FCCE7FB2-BC4A-4D85-92A2-A492CE9845A2}.Release|iPhone.ActiveCfg = Release|iPhone
		{FCCE7FB2-BC4A-4D85-92A2-A492CE9845A2}.Release|iPhone.Build.0 = Release|iPhone
		{FCCE7FB2-BC4A-4D85-92A2-A492CE9845A2}.Release|iPhone.Deploy.0 = Release|iPhone
		{FCCE7FB2-BC4A-4D85-92A2-A492CE9845A2}.Release|iPhoneSimulator.ActiveCfg = Release|iPhoneSimulator
		{FCCE7FB2-BC4A-4D85-92A2-A492CE9845A2}.Release|iPhoneSimulator.Build.0 = Release|iPhoneSimulator
		{FCCE7FB2-BC4A-4D85-92A2-A492CE9845A2}.Release|iPhoneSimulator.Deploy.0 = Release|iPhoneSimulator
		{E4DD5099-3DBF-4974-87AE-7FD41CFD2FE0}.Debug|Any CPU.ActiveCfg = Debug|Any CPU
		{E4DD5099-3DBF-4974-87AE-7FD41CFD2FE0}.Debug|Any CPU.Build.0 = Debug|Any CPU
		{E4DD5099-3DBF-4974-87AE-7FD41CFD2FE0}.Debug|Any CPU.Deploy.0 = Debug|Any CPU
		{E4DD5099-3DBF-4974-87AE-7FD41CFD2FE0}.Debug|iPhone.ActiveCfg = Debug|Any CPU
		{E4DD5099-3DBF-4974-87AE-7FD41CFD2FE0}.Debug|iPhone.Build.0 = Debug|Any CPU
		{E4DD5099-3DBF-4974-87AE-7FD41CFD2FE0}.Debug|iPhone.Deploy.0 = Debug|Any CPU
		{E4DD5099-3DBF-4974-87AE-7FD41CFD2FE0}.Debug|iPhoneSimulator.ActiveCfg = Debug|Any CPU
		{E4DD5099-3DBF-4974-87AE-7FD41CFD2FE0}.Debug|iPhoneSimulator.Build.0 = Debug|Any CPU
		{E4DD5099-3DBF-4974-87AE-7FD41CFD2FE0}.Debug|iPhoneSimulator.Deploy.0 = Debug|Any CPU
		{E4DD5099-3DBF-4974-87AE-7FD41CFD2FE0}.Release|Any CPU.ActiveCfg = Release|Any CPU
		{E4DD5099-3DBF-4974-87AE-7FD41CFD2FE0}.Release|Any CPU.Build.0 = Release|Any CPU
		{E4DD5099-3DBF-4974-87AE-7FD41CFD2FE0}.Release|Any CPU.Deploy.0 = Release|Any CPU
		{E4DD5099-3DBF-4974-87AE-7FD41CFD2FE0}.Release|iPhone.ActiveCfg = Release|Any CPU
		{E4DD5099-3DBF-4974-87AE-7FD41CFD2FE0}.Release|iPhone.Build.0 = Release|Any CPU
		{E4DD5099-3DBF-4974-87AE-7FD41CFD2FE0}.Release|iPhone.Deploy.0 = Release|Any CPU
		{E4DD5099-3DBF-4974-87AE-7FD41CFD2FE0}.Release|iPhoneSimulator.ActiveCfg = Release|Any CPU
		{E4DD5099-3DBF-4974-87AE-7FD41CFD2FE0}.Release|iPhoneSimulator.Build.0 = Release|Any CPU
		{E4DD5099-3DBF-4974-87AE-7FD41CFD2FE0}.Release|iPhoneSimulator.Deploy.0 = Release|Any CPU
	EndGlobalSection
	GlobalSection(SolutionProperties) = preSolution
		HideSolutionNode = FALSE
	EndGlobalSection
	GlobalSection(ExtensibilityGlobals) = postSolution
		SolutionGuid = {081A6EB5-DA98-45A1-85D9-42AE57ECEC1B}
	EndGlobalSection
EndGlobal
